{
  "name": "app",
  "version": "1.0.0",
  "lockfileVersion": 3,
  "requires": true,
  "packages": {
    "": {
      "name": "app",
      "version": "1.0.0",
      "license": "ISC",
      "dependencies": {
        "lion-lib-92.92": "^1.0.0"
      }
    },
    "node_modules/lion-lib-92.92": {
      "version": "1.0.0",
      "resolved": "https://registry.npmjs.org/lion-lib-92.92/-/lion-lib-92.92-1.0.0.tgz",
      "integrity": "sha512-JkKKQdAj3rgWWZo4jjNm3OLuHkY1Zre3UqpukeEh4NzJ0ShAijy2P+DGhe+96aD9nOUoQvj8vn5XSC7RVWLoBQ=="
    }
  }
}
